
Microsoft Visual Studio Solution File, Format Version 12.00
# Visual Studio Version 17
VisualStudioVersion = 17.4.33403.182
MinimumVisualStudioVersion = 10.0.40219.1
Project("{FAE04EC0-301F-11D3-BF4B-00C04F79EFBC}") = "BikeappAPI", "BikeappAPI.csproj", "{02508061-CA52-4D26-9BDE-CF7A4CB9CF60}"
EndProject
Global
	GlobalSection(SolutionConfigurationPlatforms) = preSolution
		Debug|Any CPU = Debug|Any CPU
		Release|Any CPU = Release|Any CPU
	EndGlobalSection
	GlobalSection(ProjectConfigurationPlatforms) = postSolution
		{02508061-CA52-4D26-9BDE-CF7A4CB9CF60}.Debug|Any CPU.ActiveCfg = Debug|Any CPU
		{02508061-CA52-4D26-9BDE-CF7A4CB9CF60}.Debug|Any CPU.Build.0 = Debug|Any CPU
		{02508061-CA52-4D26-9BDE-CF7A4CB9CF60}.Release|Any CPU.ActiveCfg = Release|Any CPU
		{02508061-CA52-4D26-9BDE-CF7A4CB9CF60}.Release|Any CPU.Build.0 = Release|Any CPU
	EndGlobalSection
	GlobalSection(SolutionProperties) = preSolution
		HideSolutionNode = FALSE
	EndGlobalSection
	GlobalSection(ExtensibilityGlobals) = postSolution
		SolutionGuid = {91D2611A-AF93-49DA-85BF-D6623D4BF1DF}
	EndGlobalSection
EndGlobal
